
Microsoft Visual Studio Solution File, Format Version 12.00
Project("{FAE04EC0-301F-11D3-BF4B-00C04F79EFBC}") = "CUBRID.Data.Builder", "CUBRID.Data.Builder\CUBRID.Data.Builder.csproj", "{3E4774BD-B668-40BE-AC11-7287319CDA14}"
EndProject
Global
	GlobalSection(SolutionConfigurationPlatforms) = preSolution
		Debug|Any CPU = Debug|Any CPU
		Release|Any CPU = Release|Any CPU
	EndGlobalSection
	GlobalSection(ProjectConfigurationPlatforms) = postSolution
		{3E4774BD-B668-40BE-AC11-7287319CDA14}.Debug|Any CPU.ActiveCfg = Debug|Any CPU
		{3E4774BD-B668-40BE-AC11-7287319CDA14}.Debug|Any CPU.Build.0 = Debug|Any CPU
		{3E4774BD-B668-40BE-AC11-7287319CDA14}.Release|Any CPU.ActiveCfg = Release|Any CPU
		{3E4774BD-B668-40BE-AC11-7287319CDA14}.Release|Any CPU.Build.0 = Release|Any CPU
	EndGlobalSection
EndGlobal
